
Microsoft Visual Studio Solution File, Format Version 12.00
# Visual Studio Version 16
VisualStudioVersion = 16.0.31129.286
MinimumVisualStudioVersion = 10.0.40219.1
Project("{9A19103F-16F7-4668-BE54-9A1E7A4F7556}") = "BaseProject", "BaseProject\BaseProject.csproj", "{163734B5-5375-4059-84D9-FD86D1CE7E63}"
EndProject
Project("{9A19103F-16F7-4668-BE54-9A1E7A4F7556}") = "WebApp.Strategy", "WebApp.Strategy\WebApp.Strategy.csproj", "{11720781-4753-498D-9EC5-27573BBCCD87}"
EndProject
Project("{9A19103F-16F7-4668-BE54-9A1E7A4F7556}") = "WebApp.Template", "WebApp.Template\WebApp.Template.csproj", "{8815D4BE-C057-4813-9881-5115669FBDF7}"
EndProject
Project("{9A19103F-16F7-4668-BE54-9A1E7A4F7556}") = "WebApp.Command", "WebApp.Command\WebApp.Command.csproj", "{6D1A4150-EF87-415F-BD3D-12E163D39D0E}"
EndProject
Project("{9A19103F-16F7-4668-BE54-9A1E7A4F7556}") = "WebApp.Observer", "WebApp.Observer\WebApp.Observer.csproj", "{94015153-D4A3-4255-AEA1-A1AC7A944FD2}"
EndProject
Project("{9A19103F-16F7-4668-BE54-9A1E7A4F7556}") = "WebApp.ChainOfResponsibility", "WebApp.ChainOfResponsibility\WebApp.ChainOfResponsibility.csproj", "{B89C25A7-58D7-4275-9897-C04406F8969B}"
EndProject
Global
	GlobalSection(SolutionConfigurationPlatforms) = preSolution
		Debug|Any CPU = Debug|Any CPU
		Release|Any CPU = Release|Any CPU
	EndGlobalSection
	GlobalSection(ProjectConfigurationPlatforms) = postSolution
		{163734B5-5375-4059-84D9-FD86D1CE7E63}.Debug|Any CPU.ActiveCfg = Debug|Any CPU
		{163734B5-5375-4059-84D9-FD86D1CE7E63}.Debug|Any CPU.Build.0 = Debug|Any CPU
		{163734B5-5375-4059-84D9-FD86D1CE7E63}.Release|Any CPU.ActiveCfg = Release|Any CPU
		{163734B5-5375-4059-84D9-FD86D1CE7E63}.Release|Any CPU.Build.0 = Release|Any CPU
		{11720781-4753-498D-9EC5-27573BBCCD87}.Debug|Any CPU.ActiveCfg = Debug|Any CPU
		{11720781-4753-498D-9EC5-27573BBCCD87}.Debug|Any CPU.Build.0 = Debug|Any CPU
		{11720781-4753-498D-9EC5-27573BBCCD87}.Release|Any CPU.ActiveCfg = Release|Any CPU
		{11720781-4753-498D-9EC5-27573BBCCD87}.Release|Any CPU.Build.0 = Release|Any CPU
		{8815D4BE-C057-4813-9881-5115669FBDF7}.Debug|Any CPU.ActiveCfg = Debug|Any CPU
		{8815D4BE-C057-4813-9881-5115669FBDF7}.Debug|Any CPU.Build.0 = Debug|Any CPU
		{8815D4BE-C057-4813-9881-5115669FBDF7}.Release|Any CPU.ActiveCfg = Release|Any CPU
		{8815D4BE-C057-4813-9881-5115669FBDF7}.Release|Any CPU.Build.0 = Release|Any CPU
		{6D1A4150-EF87-415F-BD3D-12E163D39D0E}.Debug|Any CPU.ActiveCfg = Debug|Any CPU
		{6D1A4150-EF87-415F-BD3D-12E163D39D0E}.Debug|Any CPU.Build.0 = Debug|Any CPU
		{6D1A4150-EF87-415F-BD3D-12E163D39D0E}.Release|Any CPU.ActiveCfg = Release|Any CPU
		{6D1A4150-EF87-415F-BD3D-12E163D39D0E}.Release|Any CPU.Build.0 = Release|Any CPU
		{94015153-D4A3-4255-AEA1-A1AC7A944FD2}.Debug|Any CPU.ActiveCfg = Debug|Any CPU
		{94015153-D4A3-4255-AEA1-A1AC7A944FD2}.Debug|Any CPU.Build.0 = Debug|Any CPU
		{94015153-D4A3-4255-AEA1-A1AC7A944FD2}.Release|Any CPU.ActiveCfg = Release|Any CPU
		{94015153-D4A3-4255-AEA1-A1AC7A944FD2}.Release|Any CPU.Build.0 = Release|Any CPU
		{B89C25A7-58D7-4275-9897-C04406F8969B}.Debug|Any CPU.ActiveCfg = Debug|Any CPU
		{B89C25A7-58D7-4275-9897-C04406F8969B}.Debug|Any CPU.Build.0 = Debug|Any CPU
		{B89C25A7-58D7-4275-9897-C04406F8969B}.Release|Any CPU.ActiveCfg = Release|Any CPU
		{B89C25A7-58D7-4275-9897-C04406F8969B}.Release|Any CPU.Build.0 = Release|Any CPU
	EndGlobalSection
	GlobalSection(SolutionProperties) = preSolution
		HideSolutionNode = FALSE
	EndGlobalSection
	GlobalSection(ExtensibilityGlobals) = postSolution
		SolutionGuid = {D65C5548-2A22-46FD-B603-2F4DA9CA116A}
	EndGlobalSection
EndGlobal
